
Microsoft Visual Studio Solution File, Format Version 12.00
# Visual Studio Version 17
VisualStudioVersion = 17.6.33829.357
MinimumVisualStudioVersion = 10.0.40219.1
Project("{FAE04EC0-301F-11D3-BF4B-00C04F79EFBC}") = "MongoCRUD", "MongoCRUD\MongoCRUD.csproj", "{DFDCA679-3BB8-4CE7-A879-9D0880ED267B}"
EndProject
Global
	GlobalSection(SolutionConfigurationPlatforms) = preSolution
		Debug|Any CPU = Debug|Any CPU
		Release|Any CPU = Release|Any CPU
	EndGlobalSection
	GlobalSection(ProjectConfigurationPlatforms) = postSolution
		{DFDCA679-3BB8-4CE7-A879-9D0880ED267B}.Debug|Any CPU.ActiveCfg = Debug|Any CPU
		{DFDCA679-3BB8-4CE7-A879-9D0880ED267B}.Debug|Any CPU.Build.0 = Debug|Any CPU
		{DFDCA679-3BB8-4CE7-A879-9D0880ED267B}.Release|Any CPU.ActiveCfg = Release|Any CPU
		{DFDCA679-3BB8-4CE7-A879-9D0880ED267B}.Release|Any CPU.Build.0 = Release|Any CPU
	EndGlobalSection
	GlobalSection(SolutionProperties) = preSolution
		HideSolutionNode = FALSE
	EndGlobalSection
	GlobalSection(ExtensibilityGlobals) = postSolution
		SolutionGuid = {1BE9C84D-0D61-4629-A580-92AA33600BEF}
	EndGlobalSection
EndGlobal
